
Microsoft Visual Studio Solution File, Format Version 12.00
Project("{FAE04EC0-301F-11D3-BF4B-00C04F79EFBC}") = "Core", "Core\Core.csproj", "{BF508914-E3B1-432E-860E-E3A3D491CB7C}"
EndProject
Project("{FAE04EC0-301F-11D3-BF4B-00C04F79EFBC}") = "DataAccess", "DataAccess\DataAccess.csproj", "{747797AE-CA74-4402-90CC-BF652FD53542}"
EndProject
Project("{FAE04EC0-301F-11D3-BF4B-00C04F79EFBC}") = "Entities", "Entities\Entities.csproj", "{1D8C823A-EE99-4F16-8203-C41687881D42}"
EndProject
Project("{FAE04EC0-301F-11D3-BF4B-00C04F79EFBC}") = "Business", "Business\Business.csproj", "{DF8067D2-9750-459F-93DE-5EB6F87E6056}"
EndProject
Project("{FAE04EC0-301F-11D3-BF4B-00C04F79EFBC}") = "WebAPI", "WebAPI\WebAPI.csproj", "{01412800-7DD7-447F-BF28-4076C53824D5}"
EndProject
Global
	GlobalSection(SolutionConfigurationPlatforms) = preSolution
		Debug|Any CPU = Debug|Any CPU
		Release|Any CPU = Release|Any CPU
	EndGlobalSection
	GlobalSection(ProjectConfigurationPlatforms) = postSolution
		{BF508914-E3B1-432E-860E-E3A3D491CB7C}.Debug|Any CPU.ActiveCfg = Debug|Any CPU
		{BF508914-E3B1-432E-860E-E3A3D491CB7C}.Debug|Any CPU.Build.0 = Debug|Any CPU
		{BF508914-E3B1-432E-860E-E3A3D491CB7C}.Release|Any CPU.ActiveCfg = Release|Any CPU
		{BF508914-E3B1-432E-860E-E3A3D491CB7C}.Release|Any CPU.Build.0 = Release|Any CPU
		{747797AE-CA74-4402-90CC-BF652FD53542}.Debug|Any CPU.ActiveCfg = Debug|Any CPU
		{747797AE-CA74-4402-90CC-BF652FD53542}.Debug|Any CPU.Build.0 = Debug|Any CPU
		{747797AE-CA74-4402-90CC-BF652FD53542}.Release|Any CPU.ActiveCfg = Release|Any CPU
		{747797AE-CA74-4402-90CC-BF652FD53542}.Release|Any CPU.Build.0 = Release|Any CPU
		{1D8C823A-EE99-4F16-8203-C41687881D42}.Debug|Any CPU.ActiveCfg = Debug|Any CPU
		{1D8C823A-EE99-4F16-8203-C41687881D42}.Debug|Any CPU.Build.0 = Debug|Any CPU
		{1D8C823A-EE99-4F16-8203-C41687881D42}.Release|Any CPU.ActiveCfg = Release|Any CPU
		{1D8C823A-EE99-4F16-8203-C41687881D42}.Release|Any CPU.Build.0 = Release|Any CPU
		{DF8067D2-9750-459F-93DE-5EB6F87E6056}.Debug|Any CPU.ActiveCfg = Debug|Any CPU
		{DF8067D2-9750-459F-93DE-5EB6F87E6056}.Debug|Any CPU.Build.0 = Debug|Any CPU
		{DF8067D2-9750-459F-93DE-5EB6F87E6056}.Release|Any CPU.ActiveCfg = Release|Any CPU
		{DF8067D2-9750-459F-93DE-5EB6F87E6056}.Release|Any CPU.Build.0 = Release|Any CPU
		{01412800-7DD7-447F-BF28-4076C53824D5}.Debug|Any CPU.ActiveCfg = Debug|Any CPU
		{01412800-7DD7-447F-BF28-4076C53824D5}.Debug|Any CPU.Build.0 = Debug|Any CPU
		{01412800-7DD7-447F-BF28-4076C53824D5}.Release|Any CPU.ActiveCfg = Release|Any CPU
		{01412800-7DD7-447F-BF28-4076C53824D5}.Release|Any CPU.Build.0 = Release|Any CPU
	EndGlobalSection
EndGlobal
